
Microsoft Visual Studio Solution File, Format Version 12.00
# Visual Studio Version 17
VisualStudioVersion = 17.8.34330.188
MinimumVisualStudioVersion = 10.0.40219.1
Project("{FAE04EC0-301F-11D3-BF4B-00C04F79EFBC}") = "SimpleCSharpApp", "SimpleCSharpApp\SimpleCSharpApp.csproj", "{77B4AD90-4718-4099-9E46-C923D0D1705F}"
EndProject
Project("{FAE04EC0-301F-11D3-BF4B-00C04F79EFBC}") = "BasicConsoleIO", "BasicConsoleIO\BasicConsoleIO.csproj", "{F11465E8-E152-44C7-A4E8-107257AC14E4}"
EndProject
Project("{FAE04EC0-301F-11D3-BF4B-00C04F79EFBC}") = "BasicDataTypes", "BasicDataTypes\BasicDataTypes.csproj", "{FA566920-23FF-482F-A9C1-9226812B573E}"
EndProject
Project("{FAE04EC0-301F-11D3-BF4B-00C04F79EFBC}") = "FunWithStrings", "FunWithStrings\FunWithStrings.csproj", "{09A64EAD-B8CA-44A3-A2EB-59F4A9A7282B}"
EndProject
Project("{FAE04EC0-301F-11D3-BF4B-00C04F79EFBC}") = "TypeConversions", "TypeConversions\TypeConversions.csproj", "{5D4A286C-DE21-4E08-96BB-047CF8C6766A}"
EndProject
Project("{FAE04EC0-301F-11D3-BF4B-00C04F79EFBC}") = "ImplicitlyTypedLocalVars", "ImplicitlyTypedLocalVars\ImplicitlyTypedLocalVars.csproj", "{2CA03E08-8644-4A7A-8985-04A849DE146B}"
EndProject
Global
	GlobalSection(SolutionConfigurationPlatforms) = preSolution
		Debug|Any CPU = Debug|Any CPU
		Release|Any CPU = Release|Any CPU
	EndGlobalSection
	GlobalSection(ProjectConfigurationPlatforms) = postSolution
		{77B4AD90-4718-4099-9E46-C923D0D1705F}.Debug|Any CPU.ActiveCfg = Debug|Any CPU
		{77B4AD90-4718-4099-9E46-C923D0D1705F}.Debug|Any CPU.Build.0 = Debug|Any CPU
		{77B4AD90-4718-4099-9E46-C923D0D1705F}.Release|Any CPU.ActiveCfg = Release|Any CPU
		{77B4AD90-4718-4099-9E46-C923D0D1705F}.Release|Any CPU.Build.0 = Release|Any CPU
		{F11465E8-E152-44C7-A4E8-107257AC14E4}.Debug|Any CPU.ActiveCfg = Debug|Any CPU
		{F11465E8-E152-44C7-A4E8-107257AC14E4}.Debug|Any CPU.Build.0 = Debug|Any CPU
		{F11465E8-E152-44C7-A4E8-107257AC14E4}.Release|Any CPU.ActiveCfg = Release|Any CPU
		{F11465E8-E152-44C7-A4E8-107257AC14E4}.Release|Any CPU.Build.0 = Release|Any CPU
		{FA566920-23FF-482F-A9C1-9226812B573E}.Debug|Any CPU.ActiveCfg = Debug|Any CPU
		{FA566920-23FF-482F-A9C1-9226812B573E}.Debug|Any CPU.Build.0 = Debug|Any CPU
		{FA566920-23FF-482F-A9C1-9226812B573E}.Release|Any CPU.ActiveCfg = Release|Any CPU
		{FA566920-23FF-482F-A9C1-9226812B573E}.Release|Any CPU.Build.0 = Release|Any CPU
		{09A64EAD-B8CA-44A3-A2EB-59F4A9A7282B}.Debug|Any CPU.ActiveCfg = Debug|Any CPU
		{09A64EAD-B8CA-44A3-A2EB-59F4A9A7282B}.Debug|Any CPU.Build.0 = Debug|Any CPU
		{09A64EAD-B8CA-44A3-A2EB-59F4A9A7282B}.Release|Any CPU.ActiveCfg = Release|Any CPU
		{09A64EAD-B8CA-44A3-A2EB-59F4A9A7282B}.Release|Any CPU.Build.0 = Release|Any CPU
		{5D4A286C-DE21-4E08-96BB-047CF8C6766A}.Debug|Any CPU.ActiveCfg = Debug|Any CPU
		{5D4A286C-DE21-4E08-96BB-047CF8C6766A}.Debug|Any CPU.Build.0 = Debug|Any CPU
		{5D4A286C-DE21-4E08-96BB-047CF8C6766A}.Release|Any CPU.ActiveCfg = Release|Any CPU
		{5D4A286C-DE21-4E08-96BB-047CF8C6766A}.Release|Any CPU.Build.0 = Release|Any CPU
		{2CA03E08-8644-4A7A-8985-04A849DE146B}.Debug|Any CPU.ActiveCfg = Debug|Any CPU
		{2CA03E08-8644-4A7A-8985-04A849DE146B}.Debug|Any CPU.Build.0 = Debug|Any CPU
		{2CA03E08-8644-4A7A-8985-04A849DE146B}.Release|Any CPU.ActiveCfg = Release|Any CPU
		{2CA03E08-8644-4A7A-8985-04A849DE146B}.Release|Any CPU.Build.0 = Release|Any CPU
	EndGlobalSection
	GlobalSection(SolutionProperties) = preSolution
		HideSolutionNode = FALSE
	EndGlobalSection
	GlobalSection(ExtensibilityGlobals) = postSolution
		SolutionGuid = {49C72586-003B-4840-A60F-3AC7556BAE7C}
	EndGlobalSection
EndGlobal
